
Microsoft Visual Studio Solution File, Format Version 12.00
# Visual Studio Version 17
VisualStudioVersion = 17.1.32228.430
MinimumVisualStudioVersion = 10.0.40219.1
Project("{9A19103F-16F7-4668-BE54-9A1E7A4F7556}") = "Trainings.OpenMpi.Api", "Trainings.OpenMpi.Api\Trainings.OpenMpi.Api.csproj", "{0210A805-8170-4AE0-A0F0-890DD10653EF}"
EndProject
Project("{FAE04EC0-301F-11D3-BF4B-00C04F79EFBC}") = "Trainings.OpenMpi.Dal", "Trainings.OpenMpi.Dal\Trainings.OpenMpi.Dal.csproj", "{71E6646A-F902-48EA-A047-6958D42946A1}"
EndProject
Project("{FAE04EC0-301F-11D3-BF4B-00C04F79EFBC}") = "Trainings.OpenMpi.TestApp", "Trainings.OpenMpi.TestApp\Trainings.OpenMpi.TestApp.csproj", "{E002E185-F9D0-4790-9E29-8DBE7822207D}"
EndProject
Project("{FAE04EC0-301F-11D3-BF4B-00C04F79EFBC}") = "Trainings.OpenMpi.Common", "Trainings.OpenMpi.Common\Trainings.OpenMpi.Common.csproj", "{556EC483-BFE9-43A7-B545-3D3C77B78E6C}"
EndProject
Global
	GlobalSection(SolutionConfigurationPlatforms) = preSolution
		Debug|Any CPU = Debug|Any CPU
		Release|Any CPU = Release|Any CPU
	EndGlobalSection
	GlobalSection(ProjectConfigurationPlatforms) = postSolution
		{0210A805-8170-4AE0-A0F0-890DD10653EF}.Debug|Any CPU.ActiveCfg = Debug|Any CPU
		{0210A805-8170-4AE0-A0F0-890DD10653EF}.Debug|Any CPU.Build.0 = Debug|Any CPU
		{0210A805-8170-4AE0-A0F0-890DD10653EF}.Release|Any CPU.ActiveCfg = Release|Any CPU
		{0210A805-8170-4AE0-A0F0-890DD10653EF}.Release|Any CPU.Build.0 = Release|Any CPU
		{71E6646A-F902-48EA-A047-6958D42946A1}.Debug|Any CPU.ActiveCfg = Debug|Any CPU
		{71E6646A-F902-48EA-A047-6958D42946A1}.Debug|Any CPU.Build.0 = Debug|Any CPU
		{71E6646A-F902-48EA-A047-6958D42946A1}.Release|Any CPU.ActiveCfg = Release|Any CPU
		{71E6646A-F902-48EA-A047-6958D42946A1}.Release|Any CPU.Build.0 = Release|Any CPU
		{E002E185-F9D0-4790-9E29-8DBE7822207D}.Debug|Any CPU.ActiveCfg = Debug|Any CPU
		{E002E185-F9D0-4790-9E29-8DBE7822207D}.Debug|Any CPU.Build.0 = Debug|Any CPU
		{E002E185-F9D0-4790-9E29-8DBE7822207D}.Release|Any CPU.ActiveCfg = Release|Any CPU
		{E002E185-F9D0-4790-9E29-8DBE7822207D}.Release|Any CPU.Build.0 = Release|Any CPU
		{556EC483-BFE9-43A7-B545-3D3C77B78E6C}.Debug|Any CPU.ActiveCfg = Debug|Any CPU
		{556EC483-BFE9-43A7-B545-3D3C77B78E6C}.Debug|Any CPU.Build.0 = Debug|Any CPU
		{556EC483-BFE9-43A7-B545-3D3C77B78E6C}.Release|Any CPU.ActiveCfg = Release|Any CPU
		{556EC483-BFE9-43A7-B545-3D3C77B78E6C}.Release|Any CPU.Build.0 = Release|Any CPU
	EndGlobalSection
	GlobalSection(SolutionProperties) = preSolution
		HideSolutionNode = FALSE
	EndGlobalSection
	GlobalSection(ExtensibilityGlobals) = postSolution
		SolutionGuid = {749DC6A3-BFDA-4EF3-879D-0645B6995409}
	EndGlobalSection
EndGlobal
